
Microsoft Visual Studio Solution File, Format Version 12.00
# Visual Studio Version 16
VisualStudioVersion = 16.0.30104.148
MinimumVisualStudioVersion = 10.0.40219.1
Project("{FAE04EC0-301F-11D3-BF4B-00C04F79EFBC}") = "YzmMimariFinal", "YzmMimariFinal\YzmMimariFinal.csproj", "{0A56642D-CE5D-447B-B139-713CC63239BE}"
EndProject
Global
	GlobalSection(SolutionConfigurationPlatforms) = preSolution
		Debug|Any CPU = Debug|Any CPU
		Release|Any CPU = Release|Any CPU
	EndGlobalSection
	GlobalSection(ProjectConfigurationPlatforms) = postSolution
		{0A56642D-CE5D-447B-B139-713CC63239BE}.Debug|Any CPU.ActiveCfg = Debug|Any CPU
		{0A56642D-CE5D-447B-B139-713CC63239BE}.Debug|Any CPU.Build.0 = Debug|Any CPU
		{0A56642D-CE5D-447B-B139-713CC63239BE}.Release|Any CPU.ActiveCfg = Release|Any CPU
		{0A56642D-CE5D-447B-B139-713CC63239BE}.Release|Any CPU.Build.0 = Release|Any CPU
	EndGlobalSection
	GlobalSection(SolutionProperties) = preSolution
		HideSolutionNode = FALSE
	EndGlobalSection
	GlobalSection(ExtensibilityGlobals) = postSolution
		SolutionGuid = {55BD6D69-FECB-4DE0-AB11-BC2FBEC7416F}
	EndGlobalSection
EndGlobal
